Microsoft Visual Studio Solution File, Format Version 12.00
# Visual Studio Version 17
VisualStudioVersion = 17.0.31903.59
MinimumVisualStudioVersion = 10.0.40219.1
Project("{FAE04EC0-301F-11D3-BF4B-00C04F79EFBC}") = "Lab5.App", "Lab5.App\Lab5.App.csproj", "{2D7C5E11-4F90-46AE-A09C-8B6E1F4B1C20}"
EndProject
Project("{FAE04EC0-301F-11D3-BF4B-00C04F79EFBC}") = "SolidWorksApi", "SolidWorksApi\SolidWorksApi.csproj", "{8C2B7E1A-2C5A-4A2D-9F1C-8E7D0B2A11F4}"
EndProject
Global
	GlobalSection(SolutionConfigurationPlatforms) = preSolution
		Debug|Any CPU = Debug|Any CPU
		Release|Any CPU = Release|Any CPU
	EndGlobalSection
	GlobalSection(ProjectConfigurationPlatforms) = postSolution
		{2D7C5E11-4F90-46AE-A09C-8B6E1F4B1C20}.Debug|Any CPU.ActiveCfg = Debug|Any CPU
		{2D7C5E11-4F90-46AE-A09C-8B6E1F4B1C20}.Debug|Any CPU.Build.0 = Debug|Any CPU
		{2D7C5E11-4F90-46AE-A09C-8B6E1F4B1C20}.Release|Any CPU.ActiveCfg = Release|Any CPU
		{2D7C5E11-4F90-46AE-A09C-8B6E1F4B1C20}.Release|Any CPU.Build.0 = Release|Any CPU
		{8C2B7E1A-2C5A-4A2D-9F1C-8E7D0B2A11F4}.Debug|Any CPU.ActiveCfg = Debug|Any CPU
		{8C2B7E1A-2C5A-4A2D-9F1C-8E7D0B2A11F4}.Debug|Any CPU.Build.0 = Debug|Any CPU
		{8C2B7E1A-2C5A-4A2D-9F1C-8E7D0B2A11F4}.Release|Any CPU.ActiveCfg = Release|Any CPU
		{8C2B7E1A-2C5A-4A2D-9F1C-8E7D0B2A11F4}.Release|Any CPU.Build.0 = Release|Any CPU
	EndGlobalSection
	GlobalSection(SolutionProperties) = preSolution
		HideSolutionNode = FALSE
	EndGlobalSection
EndGlobal
